%{
  "datastructures": {:hex, :datastructures, "0.2.8", "cd9f53bed18f1d9526689a9559676c682b5a3ba230c1e3de187182f4ff86899c", [:mix], [], "hexpm"},
  "dialyxir": {:hex, :dialyxir, "1.0.0-rc.6", "78e97d9c0ff1b5521dd68041193891aebebce52fc3b93463c0a6806874557d7d", [:mix], [{:erlex, "~> 0.2.1", [hex: :erlex, repo: "hexpm", optional: false]}], "hexpm"},
  "earmark": {:hex, :earmark, "1.3.2", "b840562ea3d67795ffbb5bd88940b1bed0ed9fa32834915125ea7d02e35888a5", [:mix], [], "hexpm"},
  "elixir_make": {:hex, :elixir_make, "0.6.0", "38349f3e29aff4864352084fc736fa7fa0f2995a819a737554f7ebd28b85aaab", [:mix], [], "hexpm"},
  "erlex": {:hex, :erlex, "0.2.2", "cb0e6878fdf86dc63509eaf2233a71fa73fc383c8362c8ff8e8b6f0c2bb7017c", [:mix], [], "hexpm"},
  "ex_doc": {:hex, :ex_doc, "0.18.4", "4406b8891cecf1352f49975c6d554e62e4341ceb41b9338949077b0d4a97b949", [:mix], [{:earmark, "~> 1.1", [hex: :earmark, repo: "hexpm", optional: false]}], "hexpm"},
  "exts": {:hex, :exts, "0.3.4", "ec2af096ab4494c087a9615fffe9d5ba8a0fa0ccc465b340ee522ed7aff79078", [:mix], [{:datastructures, "~> 0.2", [hex: :datastructures, repo: "hexpm", optional: false]}], "hexpm"},
  "skerl": {:git, "https://github.com/xirsys/skerl.git", "406a431b0140305a739457bea067d6e4d2852681", []},
  "xmedialib": {:git, "https://github.com/xirsys/xmedialib", "f0da78d1110d688b4ca579585cbf010e078a15c5", [tag: "v0.1.0"]},
  "xturn_cache": {:git, "https://github.com/xirsys/xturn-cache", "6bee97347bfe1d9ae7ba34e47507e4d2c943c431", [tag: "v0.1.0"]},
  "xturn_sockets": {:git, "https://github.com/xirsys/xturn-sockets", "9eba3c234af8cbcdeffc92b5abf26abc67add6f7", [tag: "v0.1.0"]},
}
