%{
  "ranch": {:hex, :ranch, "2.1.0", "2261f9ed9574dcfcc444106b9f6da155e6e540b2f82ba3d42b339b93673b72a3", [:make, :rebar3], [], "hexpm", "244ee3fa2a6175270d8e1fc59024fd9dbc76294a321057de8f803b1479e76916"},
  "socket": {:git, "https://github.com/Lazarus404/elixir-socket.git", "22a65b2739611bf1f00135b72a21b256a16f645f", []},
}
